
Microsoft Visual Studio Solution File, Format Version 12.00
# Visual Studio Version 17
VisualStudioVersion = 17.4.33110.190
MinimumVisualStudioVersion = 10.0.40219.1
Project("{8BC9CEB8-8B4A-11D0-8D11-00A0C91BC942}") = "Application", "Application\Application.vcxproj", "{DFC77817-3809-4A1A-91EC-916E21CEE17F}"
	ProjectSection(ProjectDependencies) = postProject
		{8030267D-BDA7-4D1D-975E-4FD7294407E8} = {8030267D-BDA7-4D1D-975E-4FD7294407E8}
		{DB7E6D05-9E4E-403C-B3E6-FD2798713FEA} = {DB7E6D05-9E4E-403C-B3E6-FD2798713FEA}
	EndProjectSection
EndProject
Project("{8BC9CEB8-8B4A-11D0-8D11-00A0C91BC942}") = "RenderEngine", "RenderEngine\RenderEngine.vcxproj", "{DB7E6D05-9E4E-403C-B3E6-FD2798713FEA}"
EndProject
Project("{8BC9CEB8-8B4A-11D0-8D11-00A0C91BC942}") = "Simulator", "Simulator\Simulator.vcxproj", "{8030267D-BDA7-4D1D-975E-4FD7294407E8}"
EndProject
Global
	GlobalSection(SolutionConfigurationPlatforms) = preSolution
		Debug|x64 = Debug|x64
		Debug|x86 = Debug|x86
		Release|x64 = Release|x64
		Release|x86 = Release|x86
	EndGlobalSection
	GlobalSection(ProjectConfigurationPlatforms) = postSolution
		{DFC77817-3809-4A1A-91EC-916E21CEE17F}.Debug|x64.ActiveCfg = Debug|x64
		{DFC77817-3809-4A1A-91EC-916E21CEE17F}.Debug|x64.Build.0 = Debug|x64
		{DFC77817-3809-4A1A-91EC-916E21CEE17F}.Debug|x86.ActiveCfg = Debug|Win32
		{DFC77817-3809-4A1A-91EC-916E21CEE17F}.Debug|x86.Build.0 = Debug|Win32
		{DFC77817-3809-4A1A-91EC-916E21CEE17F}.Release|x64.ActiveCfg = Release|x64
		{DFC77817-3809-4A1A-91EC-916E21CEE17F}.Release|x64.Build.0 = Release|x64
		{DFC77817-3809-4A1A-91EC-916E21CEE17F}.Release|x86.ActiveCfg = Release|Win32
		{DFC77817-3809-4A1A-91EC-916E21CEE17F}.Release|x86.Build.0 = Release|Win32
		{DB7E6D05-9E4E-403C-B3E6-FD2798713FEA}.Debug|x64.ActiveCfg = Debug|x64
		{DB7E6D05-9E4E-403C-B3E6-FD2798713FEA}.Debug|x64.Build.0 = Debug|x64
		{DB7E6D05-9E4E-403C-B3E6-FD2798713FEA}.Debug|x86.ActiveCfg = Debug|Win32
		{DB7E6D05-9E4E-403C-B3E6-FD2798713FEA}.Debug|x86.Build.0 = Debug|Win32
		{DB7E6D05-9E4E-403C-B3E6-FD2798713FEA}.Release|x64.ActiveCfg = Release|x64
		{DB7E6D05-9E4E-403C-B3E6-FD2798713FEA}.Release|x64.Build.0 = Release|x64
		{DB7E6D05-9E4E-403C-B3E6-FD2798713FEA}.Release|x86.ActiveCfg = Release|Win32
		{DB7E6D05-9E4E-403C-B3E6-FD2798713FEA}.Release|x86.Build.0 = Release|Win32
		{8030267D-BDA7-4D1D-975E-4FD7294407E8}.Debug|x64.ActiveCfg = Debug|x64
		{8030267D-BDA7-4D1D-975E-4FD7294407E8}.Debug|x64.Build.0 = Debug|x64
		{8030267D-BDA7-4D1D-975E-4FD7294407E8}.Debug|x86.ActiveCfg = Debug|Win32
		{8030267D-BDA7-4D1D-975E-4FD7294407E8}.Debug|x86.Build.0 = Debug|Win32
		{8030267D-BDA7-4D1D-975E-4FD7294407E8}.Release|x64.ActiveCfg = Release|x64
		{8030267D-BDA7-4D1D-975E-4FD7294407E8}.Release|x64.Build.0 = Release|x64
		{8030267D-BDA7-4D1D-975E-4FD7294407E8}.Release|x86.ActiveCfg = Release|Win32
		{8030267D-BDA7-4D1D-975E-4FD7294407E8}.Release|x86.Build.0 = Release|Win32
	EndGlobalSection
	GlobalSection(SolutionProperties) = preSolution
		HideSolutionNode = FALSE
	EndGlobalSection
	GlobalSection(ExtensibilityGlobals) = postSolution
		SolutionGuid = {F53A4E7C-8A77-4221-8D28-1C65575D6883}
	EndGlobalSection
EndGlobal
